
Microsoft Visual Studio Solution File, Format Version 12.00
# Visual Studio Version 17
VisualStudioVersion = 17.10.35013.160
MinimumVisualStudioVersion = 10.0.40219.1
Project("{9A19103F-16F7-4668-BE54-9A1E7A4F7556}") = "MSMQ.Bus", "MSMQ.Bus\MSMQ.Bus.csproj", "{75AA5A23-5C22-42BC-BFF2-EBD253D21F0F}"
EndProject
Project("{9A19103F-16F7-4668-BE54-9A1E7A4F7556}") = "MSMQ.API", "MSMQ.API\MSMQ.API.csproj", "{CB04AB3E-2862-4BBD-9855-8B275C96DEA9}"
EndProject
Project("{9A19103F-16F7-4668-BE54-9A1E7A4F7556}") = "MSMQ.Kafka", "MSMQ.Kafka\MSMQ.Kafka.csproj", "{839967FE-E454-44C5-91B3-4AF8B18BD284}"
EndProject
Project("{9A19103F-16F7-4668-BE54-9A1E7A4F7556}") = "MSMQ.Common", "MSMQ.Common\MSMQ.Common.csproj", "{CE24BA10-D21A-455A-8796-A6B893C65C1A}"
EndProject
Project("{9A19103F-16F7-4668-BE54-9A1E7A4F7556}") = "MSMQ.RabbitMQ", "MSMQ.RabbitMQ\MSMQ.RabbitMQ.csproj", "{DEA55575-2D16-4F5D-8474-8BD5F81A9E5B}"
EndProject
Project("{9A19103F-16F7-4668-BE54-9A1E7A4F7556}") = "MSMQ.MassTransit", "MSMQ.MassTransit\MSMQ.MassTransit.csproj", "{C5C7C331-EDA9-40ED-9E14-B1AD6D60AD05}"
EndProject
Project("{FAE04EC0-301F-11D3-BF4B-00C04F79EFBC}") = "MSMQ.IntegrationTests", "MSMQ.IntegrationTests\MSMQ.IntegrationTests.csproj", "{5BDC46DC-C80F-44C3-83C0-5370ED582EDC}"
EndProject
Project("{E53339B2-1760-4266-BCC7-CA923CBCF16C}") = "docker-compose", "docker-compose.dcproj", "{71D17192-26AC-42BF-BFDC-8EEC3423EB5B}"
EndProject
Project("{2150E333-8FDC-42A3-9474-1A3956D46DE8}") = "Solution Items", "Solution Items", "{02F4AA3D-57F8-4A2E-B6CA-6B63B0563596}"
	ProjectSection(SolutionItems) = preProject
		.editorconfig = .editorconfig
	EndProjectSection
EndProject
Global
	GlobalSection(SolutionConfigurationPlatforms) = preSolution
		Debug|Any CPU = Debug|Any CPU
		Release|Any CPU = Release|Any CPU
	EndGlobalSection
	GlobalSection(ProjectConfigurationPlatforms) = postSolution
		{75AA5A23-5C22-42BC-BFF2-EBD253D21F0F}.Debug|Any CPU.ActiveCfg = Debug|Any CPU
		{75AA5A23-5C22-42BC-BFF2-EBD253D21F0F}.Debug|Any CPU.Build.0 = Debug|Any CPU
		{75AA5A23-5C22-42BC-BFF2-EBD253D21F0F}.Release|Any CPU.ActiveCfg = Release|Any CPU
		{75AA5A23-5C22-42BC-BFF2-EBD253D21F0F}.Release|Any CPU.Build.0 = Release|Any CPU
		{CB04AB3E-2862-4BBD-9855-8B275C96DEA9}.Debug|Any CPU.ActiveCfg = Debug|Any CPU
		{CB04AB3E-2862-4BBD-9855-8B275C96DEA9}.Debug|Any CPU.Build.0 = Debug|Any CPU
		{CB04AB3E-2862-4BBD-9855-8B275C96DEA9}.Release|Any CPU.ActiveCfg = Release|Any CPU
		{CB04AB3E-2862-4BBD-9855-8B275C96DEA9}.Release|Any CPU.Build.0 = Release|Any CPU
		{839967FE-E454-44C5-91B3-4AF8B18BD284}.Debug|Any CPU.ActiveCfg = Debug|Any CPU
		{839967FE-E454-44C5-91B3-4AF8B18BD284}.Debug|Any CPU.Build.0 = Debug|Any CPU
		{839967FE-E454-44C5-91B3-4AF8B18BD284}.Release|Any CPU.ActiveCfg = Release|Any CPU
		{839967FE-E454-44C5-91B3-4AF8B18BD284}.Release|Any CPU.Build.0 = Release|Any CPU
		{CE24BA10-D21A-455A-8796-A6B893C65C1A}.Debug|Any CPU.ActiveCfg = Debug|Any CPU
		{CE24BA10-D21A-455A-8796-A6B893C65C1A}.Debug|Any CPU.Build.0 = Debug|Any CPU
		{CE24BA10-D21A-455A-8796-A6B893C65C1A}.Release|Any CPU.ActiveCfg = Release|Any CPU
		{CE24BA10-D21A-455A-8796-A6B893C65C1A}.Release|Any CPU.Build.0 = Release|Any CPU
		{DEA55575-2D16-4F5D-8474-8BD5F81A9E5B}.Debug|Any CPU.ActiveCfg = Debug|Any CPU
		{DEA55575-2D16-4F5D-8474-8BD5F81A9E5B}.Debug|Any CPU.Build.0 = Debug|Any CPU
		{DEA55575-2D16-4F5D-8474-8BD5F81A9E5B}.Release|Any CPU.ActiveCfg = Release|Any CPU
		{DEA55575-2D16-4F5D-8474-8BD5F81A9E5B}.Release|Any CPU.Build.0 = Release|Any CPU
		{C5C7C331-EDA9-40ED-9E14-B1AD6D60AD05}.Debug|Any CPU.ActiveCfg = Debug|Any CPU
		{C5C7C331-EDA9-40ED-9E14-B1AD6D60AD05}.Debug|Any CPU.Build.0 = Debug|Any CPU
		{C5C7C331-EDA9-40ED-9E14-B1AD6D60AD05}.Release|Any CPU.ActiveCfg = Release|Any CPU
		{C5C7C331-EDA9-40ED-9E14-B1AD6D60AD05}.Release|Any CPU.Build.0 = Release|Any CPU
		{5BDC46DC-C80F-44C3-83C0-5370ED582EDC}.Debug|Any CPU.ActiveCfg = Debug|Any CPU
		{5BDC46DC-C80F-44C3-83C0-5370ED582EDC}.Debug|Any CPU.Build.0 = Debug|Any CPU
		{5BDC46DC-C80F-44C3-83C0-5370ED582EDC}.Release|Any CPU.ActiveCfg = Release|Any CPU
		{5BDC46DC-C80F-44C3-83C0-5370ED582EDC}.Release|Any CPU.Build.0 = Release|Any CPU
		{71D17192-26AC-42BF-BFDC-8EEC3423EB5B}.Debug|Any CPU.ActiveCfg = Debug|Any CPU
		{71D17192-26AC-42BF-BFDC-8EEC3423EB5B}.Debug|Any CPU.Build.0 = Debug|Any CPU
		{71D17192-26AC-42BF-BFDC-8EEC3423EB5B}.Release|Any CPU.ActiveCfg = Release|Any CPU
		{71D17192-26AC-42BF-BFDC-8EEC3423EB5B}.Release|Any CPU.Build.0 = Release|Any CPU
	EndGlobalSection
	GlobalSection(SolutionProperties) = preSolution
		HideSolutionNode = FALSE
	EndGlobalSection
	GlobalSection(ExtensibilityGlobals) = postSolution
		SolutionGuid = {8F739D95-F5B6-45A9-8D50-38DF8382D44F}
	EndGlobalSection
EndGlobal
